
Microsoft Visual Studio Solution File, Format Version 12.00
# Visual Studio Version 16
VisualStudioVersion = 16.0.29709.97
MinimumVisualStudioVersion = 10.0.40219.1
Project("{FAE04EC0-301F-11D3-BF4B-00C04F79EFBC}") = "API", "API\API.csproj", "{8C109772-8DEF-4D34-B73A-7454148A5FDE}"
EndProject
Project("{FAE04EC0-301F-11D3-BF4B-00C04F79EFBC}") = "Application", "Application\Application.csproj", "{E4A84161-0484-45AB-8146-865A12B422AF}"
EndProject
Project("{FAE04EC0-301F-11D3-BF4B-00C04F79EFBC}") = "Domain", "Domain\Domain.csproj", "{6A0F66CA-3BCC-49D5-BFAE-C6D33AE3A96D}"
EndProject
Project("{FAE04EC0-301F-11D3-BF4B-00C04F79EFBC}") = "Infrastructure", "Infrastructure\Infrastructure.csproj", "{B7D395F4-6683-4502-8C80-BDB0643E9D4A}"
EndProject
Global
	GlobalSection(SolutionConfigurationPlatforms) = preSolution
		Debug|Any CPU = Debug|Any CPU
		Release|Any CPU = Release|Any CPU
	EndGlobalSection
	GlobalSection(ProjectConfigurationPlatforms) = postSolution
		{8C109772-8DEF-4D34-B73A-7454148A5FDE}.Debug|Any CPU.ActiveCfg = Debug|Any CPU
		{8C109772-8DEF-4D34-B73A-7454148A5FDE}.Debug|Any CPU.Build.0 = Debug|Any CPU
		{8C109772-8DEF-4D34-B73A-7454148A5FDE}.Release|Any CPU.ActiveCfg = Release|Any CPU
		{8C109772-8DEF-4D34-B73A-7454148A5FDE}.Release|Any CPU.Build.0 = Release|Any CPU
		{E4A84161-0484-45AB-8146-865A12B422AF}.Debug|Any CPU.ActiveCfg = Debug|Any CPU
		{E4A84161-0484-45AB-8146-865A12B422AF}.Debug|Any CPU.Build.0 = Debug|Any CPU
		{E4A84161-0484-45AB-8146-865A12B422AF}.Release|Any CPU.ActiveCfg = Release|Any CPU
		{E4A84161-0484-45AB-8146-865A12B422AF}.Release|Any CPU.Build.0 = Release|Any CPU
		{6A0F66CA-3BCC-49D5-BFAE-C6D33AE3A96D}.Debug|Any CPU.ActiveCfg = Debug|Any CPU
		{6A0F66CA-3BCC-49D5-BFAE-C6D33AE3A96D}.Debug|Any CPU.Build.0 = Debug|Any CPU
		{6A0F66CA-3BCC-49D5-BFAE-C6D33AE3A96D}.Release|Any CPU.ActiveCfg = Release|Any CPU
		{6A0F66CA-3BCC-49D5-BFAE-C6D33AE3A96D}.Release|Any CPU.Build.0 = Release|Any CPU
		{B7D395F4-6683-4502-8C80-BDB0643E9D4A}.Debug|Any CPU.ActiveCfg = Debug|Any CPU
		{B7D395F4-6683-4502-8C80-BDB0643E9D4A}.Debug|Any CPU.Build.0 = Debug|Any CPU
		{B7D395F4-6683-4502-8C80-BDB0643E9D4A}.Release|Any CPU.ActiveCfg = Release|Any CPU
		{B7D395F4-6683-4502-8C80-BDB0643E9D4A}.Release|Any CPU.Build.0 = Release|Any CPU
	EndGlobalSection
	GlobalSection(SolutionProperties) = preSolution
		HideSolutionNode = FALSE
	EndGlobalSection
	GlobalSection(ExtensibilityGlobals) = postSolution
		SolutionGuid = {329E5C75-92CD-4566-99C5-83C12EEB2644}
	EndGlobalSection
EndGlobal
